// !$*UTF8*$!
{
	archiveVersion = 1;
	classes = {
	};
	objectVersion = 46;
	objects = {

/* Begin PBXBuildFile section */
		904C33884F1A4B3D88F521CA /* libPods-SyllaSyncTests.a in Frameworks */ = {isa = PBXBuildFile; fileRef = 16D8ABF074C624E6C5247A20 /* libPods-SyllaSyncTests.a */; };
		E1C851107E981979A016A6CD /* libPods-SyllaSync.a in Frameworks */ = {isa = PBXBuildFile; fileRef = 273A45E127EDBD75DA760627 /* libPods-SyllaSync.a */; };
		EE0835C01B6D37EC00F5CD9C /* AppDelegate.swift in Sources */ = {isa = PBXBuildFile; fileRef = EE0835BF1B6D37EC00F5CD9C /* AppDelegate.swift */; };
		EE0835C31B6D37EC00F5CD9C /* SyllaSync.xcdatamodeld in Sources */ = {isa = PBXBuildFile; fileRef = EE0835C11B6D37EC00F5CD9C /* SyllaSync.xcdatamodeld */; };
		EE0835C51B6D37EC00F5CD9C /* LoginController.swift in Sources */ = {isa = PBXBuildFile; fileRef = EE0835C41B6D37EC00F5CD9C /* LoginController.swift */; };
		EE0835C81B6D37EC00F5CD9C /* Main.storyboard in Resources */ = {isa = PBXBuildFile; fileRef = EE0835C61B6D37EC00F5CD9C /* Main.storyboard */; };
		EE0835CA1B6D37EC00F5CD9C /* Images.xcassets in Resources */ = {isa = PBXBuildFile; fileRef = EE0835C91B6D37EC00F5CD9C /* Images.xcassets */; };
		EE0835CD1B6D37EC00F5CD9C /* LaunchScreen.xib in Resources */ = {isa = PBXBuildFile; fileRef = EE0835CB1B6D37EC00F5CD9C /* LaunchScreen.xib */; };
		EE0835D91B6D37EC00F5CD9C /* SyllaSyncTests.swift in Sources */ = {isa = PBXBuildFile; fileRef = EE0835D81B6D37EC00F5CD9C /* SyllaSyncTests.swift */; };
		EE0835E71B6D3C1E00F5CD9C /* UserSettings.swift in Sources */ = {isa = PBXBuildFile; fileRef = EE0835E61B6D3C1E00F5CD9C /* UserSettings.swift */; };
		EE0835E91B6D3CDF00F5CD9C /* Hamburger.storyboard in Resources */ = {isa = PBXBuildFile; fileRef = EE0835E81B6D3CDF00F5CD9C /* Hamburger.storyboard */; };
		EE0835EC1B6D3F9300F5CD9C /* EventsController.swift in Sources */ = {isa = PBXBuildFile; fileRef = EE0835EB1B6D3F9300F5CD9C /* EventsController.swift */; };
		EE0835EE1B6D3FA100F5CD9C /* CalendarController.swift in Sources */ = {isa = PBXBuildFile; fileRef = EE0835ED1B6D3FA100F5CD9C /* CalendarController.swift */; };
		EE0835F01B6D40B300F5CD9C /* EventsContainerController.swift in Sources */ = {isa = PBXBuildFile; fileRef = EE0835EF1B6D40B300F5CD9C /* EventsContainerController.swift */; };
		EE0835F21B6D40F600F5CD9C /* HamburgerController.swift in Sources */ = {isa = PBXBuildFile; fileRef = EE0835F11B6D40F600F5CD9C /* HamburgerController.swift */; };
		EE0836141B6D583D00F5CD9C /* Parse.framework in Frameworks */ = {isa = PBXBuildFile; fileRef = EE08360E1B6D583D00F5CD9C /* Parse.framework */; };
		EE0836151B6D583D00F5CD9C /* ParseCrashReporting.framework in Frameworks */ = {isa = PBXBuildFile; fileRef = EE08360F1B6D583D00F5CD9C /* ParseCrashReporting.framework */; };
		EE0836171B6D583D00F5CD9C /* ParseFacebookUtilsV4.framework in Frameworks */ = {isa = PBXBuildFile; fileRef = EE0836111B6D583D00F5CD9C /* ParseFacebookUtilsV4.framework */; };
		EE0836181B6D583D00F5CD9C /* ParseUI.framework in Frameworks */ = {isa = PBXBuildFile; fileRef = EE0836121B6D583D00F5CD9C /* ParseUI.framework */; };
		EE08361C1B6D5A5500F5CD9C /* ParseLoginController.swift in Sources */ = {isa = PBXBuildFile; fileRef = EE08361B1B6D5A5500F5CD9C /* ParseLoginController.swift */; };
		EE08361E1B6D5CAA00F5CD9C /* AudioToolbox.framework in Frameworks */ = {isa = PBXBuildFile; fileRef = EE08361D1B6D5CAA00F5CD9C /* AudioToolbox.framework */; };
		EE0836201B6D5CB000F5CD9C /* CFNetwork.framework in Frameworks */ = {isa = PBXBuildFile; fileRef = EE08361F1B6D5CB000F5CD9C /* CFNetwork.framework */; };
		EE0836221B6D5CB500F5CD9C /* CoreGraphics.framework in Frameworks */ = {isa = PBXBuildFile; fileRef = EE0836211B6D5CB500F5CD9C /* CoreGraphics.framework */; };
		EE0836241B6D5CB900F5CD9C /* CoreLocation.framework in Frameworks */ = {isa = PBXBuildFile; fileRef = EE0836231B6D5CB900F5CD9C /* CoreLocation.framework */; };
		EE0836261B6D5CBF00F5CD9C /* libz.dylib in Frameworks */ = {isa = PBXBuildFile; fileRef = EE0836251B6D5CBF00F5CD9C /* libz.dylib */; };
		EE0836281B6D5CC500F5CD9C /* MobileCoreServices.framework in Frameworks */ = {isa = PBXBuildFile; fileRef = EE0836271B6D5CC500F5CD9C /* MobileCoreServices.framework */; };
		EE08362A1B6D5CCB00F5CD9C /* QuartzCore.framework in Frameworks */ = {isa = PBXBuildFile; fileRef = EE0836291B6D5CCB00F5CD9C /* QuartzCore.framework */; };
		EE08362C1B6D5CD100F5CD9C /* Security.framework in Frameworks */ = {isa = PBXBuildFile; fileRef = EE08362B1B6D5CD100F5CD9C /* Security.framework */; };
		EE08362E1B6D5CD700F5CD9C /* StoreKit.framework in Frameworks */ = {isa = PBXBuildFile; fileRef = EE08362D1B6D5CD700F5CD9C /* StoreKit.framework */; };
		EE0836301B6D5CDE00F5CD9C /* SystemConfiguration.framework in Frameworks */ = {isa = PBXBuildFile; fileRef = EE08362F1B6D5CDE00F5CD9C /* SystemConfiguration.framework */; };
		EE0836321B6D5CE800F5CD9C /* libsqlite3.dylib in Frameworks */ = {isa = PBXBuildFile; fileRef = EE0836311B6D5CE800F5CD9C /* libsqlite3.dylib */; };
		EE0836341B6D5DC400F5CD9C /* Social.framework in Frameworks */ = {isa = PBXBuildFile; fileRef = EE0836331B6D5DC400F5CD9C /* Social.framework */; };
		EE0836361B6D5DC900F5CD9C /* Accounts.framework in Frameworks */ = {isa = PBXBuildFile; fileRef = EE0836351B6D5DC900F5CD9C /* Accounts.framework */; };
		EE0838791B6D659900F5CD9C /* FBSDKCoreKit.framework in Frameworks */ = {isa = PBXBuildFile; fileRef = EE0838761B6D659900F5CD9C /* FBSDKCoreKit.framework */; };
		EE08387A1B6D659900F5CD9C /* FBSDKLoginKit.framework in Frameworks */ = {isa = PBXBuildFile; fileRef = EE0838771B6D659900F5CD9C /* FBSDKLoginKit.framework */; };
		EE08387B1B6D659900F5CD9C /* FBSDKShareKit.framework in Frameworks */ = {isa = PBXBuildFile; fileRef = EE0838781B6D659900F5CD9C /* FBSDKShareKit.framework */; };
		EE08387E1B6DA9E700F5CD9C /* GoogleService-Info.plist in Resources */ = {isa = PBXBuildFile; fileRef = EE08387D1B6DA9E700F5CD9C /* GoogleService-Info.plist */; };
		EE0838831B6DAE3F00F5CD9C /* libstdc++.6.dylib in Frameworks */ = {isa = PBXBuildFile; fileRef = EE08387F1B6DADE200F5CD9C /* libstdc++.6.dylib */; };
		EE0838851B6DAF4600F5CD9C /* Bolts.framework in Frameworks */ = {isa = PBXBuildFile; fileRef = EE0838841B6DAF4600F5CD9C /* Bolts.framework */; };
		EE0838861B6DB06600F5CD9C /* GoogleService-Info.plist in Resources */ = {isa = PBXBuildFile; fileRef = EE08387D1B6DA9E700F5CD9C /* GoogleService-Info.plist */; };
		EE18875A1B6FFC80003FA7A9 /* DimView.swift in Sources */ = {isa = PBXBuildFile; fileRef = EE1887591B6FFC80003FA7A9 /* DimView.swift */; };
		EEEB0CAE1B7078A700C54CC7 /* SettingsController.swift in Sources */ = {isa = PBXBuildFile; fileRef = EEEB0CAD1B7078A700C54CC7 /* SettingsController.swift */; };
		EEEB0CB01B707A4E00C54CC7 /* CompareController.swift in Sources */ = {isa = PBXBuildFile; fileRef = EEEB0CAF1B707A4E00C54CC7 /* CompareController.swift */; };
		EEEB0CB21B707C8600C54CC7 /* InviteController.swift in Sources */ = {isa = PBXBuildFile; fileRef = EEEB0CB11B707C8600C54CC7 /* InviteController.swift */; };
		EEEB0CB41B707C9C00C54CC7 /* AboutController.swift in Sources */ = {isa = PBXBuildFile; fileRef = EEEB0CB31B707C9C00C54CC7 /* AboutController.swift */; };
		EEEB0CBD1B718E9300C54CC7 /* EventCell.swift in Sources */ = {isa = PBXBuildFile; fileRef = EEEB0CBC1B718E9300C54CC7 /* EventCell.swift */; };
/* End PBXBuildFile section */

/* Begin PBXContainerItemProxy section */
		EE0835D31B6D37EC00F5CD9C /* PBXContainerItemProxy */ = {
			isa = PBXContainerItemProxy;
			containerPortal = EE0835B21B6D37EC00F5CD9C /* Project object */;
			proxyType = 1;
			remoteGlobalIDString = EE0835B91B6D37EC00F5CD9C;
			remoteInfo = SyllaSync;
		};
/* End PBXContainerItemProxy section */

/* Begin PBXFileReference section */
		0FE884AB48DC263A4558CE34 /* Pods-SyllaSync.debug.xcconfig */ = {isa = PBXFileReference; includeInIndex = 1; lastKnownFileType = text.xcconfig; name = "Pods-SyllaSync.debug.xcconfig"; path = "Pods/Target Support Files/Pods-SyllaSync/Pods-SyllaSync.debug.xcconfig"; sourceTree = "<group>"; };
		16D8ABF074C624E6C5247A20 /* libPods-SyllaSyncTests.a */ = {isa = PBXFileReference; explicitFileType = archive.ar; includeInIndex = 0; path = "libPods-SyllaSyncTests.a"; sourceTree = BUILT_PRODUCTS_DIR; };
		273A45E127EDBD75DA760627 /* libPods-SyllaSync.a */ = {isa = PBXFileReference; explicitFileType = archive.ar; includeInIndex = 0; path = "libPods-SyllaSync.a"; sourceTree = BUILT_PRODUCTS_DIR; };
		4B8E00C42DC0613F8C1BD672 /* Pods-SyllaSyncTests.release.xcconfig */ = {isa = PBXFileReference; includeInIndex = 1; lastKnownFileType = text.xcconfig; name = "Pods-SyllaSyncTests.release.xcconfig"; path = "Pods/Target Support Files/Pods-SyllaSyncTests/Pods-SyllaSyncTests.release.xcconfig"; sourceTree = "<group>"; };
		BD04F7650DDBD24E84D8CA8F /* Pods-SyllaSyncTests.debug.xcconfig */ = {isa = PBXFileReference; includeInIndex = 1; lastKnownFileType = text.xcconfig; name = "Pods-SyllaSyncTests.debug.xcconfig"; path = "Pods/Target Support Files/Pods-SyllaSyncTests/Pods-SyllaSyncTests.debug.xcconfig"; sourceTree = "<group>"; };
		D579BD6B9864D59F2C534E7B /* Pods-SyllaSync.release.xcconfig */ = {isa = PBXFileReference; includeInIndex = 1; lastKnownFileType = text.xcconfig; name = "Pods-SyllaSync.release.xcconfig"; path = "Pods/Target Support Files/Pods-SyllaSync/Pods-SyllaSync.release.xcconfig"; sourceTree = "<group>"; };
		EE0835BA1B6D37EC00F5CD9C /* SyllaSync.app */ = {isa = PBXFileReference; explicitFileType = wrapper.application; includeInIndex = 0; path = SyllaSync.app; sourceTree = BUILT_PRODUCTS_DIR; };
		EE0835BE1B6D37EC00F5CD9C /* Info.plist */ = {isa = PBXFileReference; lastKnownFileType = text.plist.xml; path = Info.plist; sourceTree = "<group>"; };
		EE0835BF1B6D37EC00F5CD9C /* AppDelegate.swift */ = {isa = PBXFileReference; lastKnownFileType = sourcecode.swift; path = AppDelegate.swift; sourceTree = "<group>"; };
		EE0835C21B6D37EC00F5CD9C /* SyllaSync.xcdatamodel */ = {isa = PBXFileReference; lastKnownFileType = wrapper.xcdatamodel; path = SyllaSync.xcdatamodel; sourceTree = "<group>"; };
		EE0835C41B6D37EC00F5CD9C /* LoginController.swift */ = {isa = PBXFileReference; lastKnownFileType = sourcecode.swift; path = LoginController.swift; sourceTree = "<group>"; };
		EE0835C71B6D37EC00F5CD9C /* Base */ = {isa = PBXFileReference; lastKnownFileType = file.storyboard; name = Base; path = Base.lproj/Main.storyboard; sourceTree = "<group>"; };
		EE0835C91B6D37EC00F5CD9C /* Images.xcassets */ = {isa = PBXFileReference; lastKnownFileType = folder.assetcatalog; path = Images.xcassets; sourceTree = "<group>"; };
		EE0835CC1B6D37EC00F5CD9C /* Base */ = {isa = PBXFileReference; lastKnownFileType = file.xib; name = Base; path = Base.lproj/LaunchScreen.xib; sourceTree = "<group>"; };
		EE0835D21B6D37EC00F5CD9C /* SyllaSyncTests.xctest */ = {isa = PBXFileReference; explicitFileType = wrapper.cfbundle; includeInIndex = 0; path = SyllaSyncTests.xctest; sourceTree = BUILT_PRODUCTS_DIR; };
		EE0835D71B6D37EC00F5CD9C /* Info.plist */ = {isa = PBXFileReference; lastKnownFileType = text.plist.xml; path = Info.plist; sourceTree = "<group>"; };
		EE0835D81B6D37EC00F5CD9C /* SyllaSyncTests.swift */ = {isa = PBXFileReference; lastKnownFileType = sourcecode.swift; path = SyllaSyncTests.swift; sourceTree = "<group>"; };
		EE0835E61B6D3C1E00F5CD9C /* UserSettings.swift */ = {isa = PBXFileReference; fileEncoding = 4; lastKnownFileType = sourcecode.swift; path = UserSettings.swift; sourceTree = "<group>"; };
		EE0835E81B6D3CDF00F5CD9C /* Hamburger.storyboard */ = {isa = PBXFileReference; fileEncoding = 4; lastKnownFileType = file.storyboard; path = Hamburger.storyboard; sourceTree = "<group>"; };
		EE0835EB1B6D3F9300F5CD9C /* EventsController.swift */ = {isa = PBXFileReference; fileEncoding = 4; lastKnownFileType = sourcecode.swift; path = EventsController.swift; sourceTree = "<group>"; };
		EE0835ED1B6D3FA100F5CD9C /* CalendarController.swift */ = {isa = PBXFileReference; fileEncoding = 4; lastKnownFileType = sourcecode.swift; path = CalendarController.swift; sourceTree = "<group>"; };
		EE0835EF1B6D40B300F5CD9C /* EventsContainerController.swift */ = {isa = PBXFileReference; fileEncoding = 4; lastKnownFileType = sourcecode.swift; path = EventsContainerController.swift; sourceTree = "<group>"; };
		EE0835F11B6D40F600F5CD9C /* HamburgerController.swift */ = {isa = PBXFileReference; fileEncoding = 4; lastKnownFileType = sourcecode.swift; path = HamburgerController.swift; sourceTree = "<group>"; };
		EE08360E1B6D583D00F5CD9C /* Parse.framework */ = {isa = PBXFileReference; lastKnownFileType = wrapper.framework; path = Parse.framework; sourceTree = "<group>"; };
		EE08360F1B6D583D00F5CD9C /* ParseCrashReporting.framework */ = {isa = PBXFileReference; lastKnownFileType = wrapper.framework; path = ParseCrashReporting.framework; sourceTree = "<group>"; };
		EE0836111B6D583D00F5CD9C /* ParseFacebookUtilsV4.framework */ = {isa = PBXFileReference; lastKnownFileType = wrapper.framework; path = ParseFacebookUtilsV4.framework; sourceTree = "<group>"; };
		EE0836121B6D583D00F5CD9C /* ParseUI.framework */ = {isa = PBXFileReference; lastKnownFileType = wrapper.framework; path = ParseUI.framework; sourceTree = "<group>"; };
		EE0836191B6D588800F5CD9C /* SyllaSync-Bridging-Header.h */ = {isa = PBXFileReference; lastKnownFileType = sourcecode.c.h; path = "SyllaSync-Bridging-Header.h"; sourceTree = SOURCE_ROOT; };
		EE08361B1B6D5A5500F5CD9C /* ParseLoginController.swift */ = {isa = PBXFileReference; fileEncoding = 4; lastKnownFileType = sourcecode.swift; path = ParseLoginController.swift; sourceTree = "<group>"; };
		EE08361D1B6D5CAA00F5CD9C /* AudioToolbox.framework */ = {isa = PBXFileReference; lastKnownFileType = wrapper.framework; name = AudioToolbox.framework; path = System/Library/Frameworks/AudioToolbox.framework; sourceTree = SDKROOT; };
		EE08361F1B6D5CB000F5CD9C /* CFNetwork.framework */ = {isa = PBXFileReference; lastKnownFileType = wrapper.framework; name = CFNetwork.framework; path = System/Library/Frameworks/CFNetwork.framework; sourceTree = SDKROOT; };
		EE0836211B6D5CB500F5CD9C /* CoreGraphics.framework */ = {isa = PBXFileReference; lastKnownFileType = wrapper.framework; name = CoreGraphics.framework; path = System/Library/Frameworks/CoreGraphics.framework; sourceTree = SDKROOT; };
		EE0836231B6D5CB900F5CD9C /* CoreLocation.framework */ = {isa = PBXFileReference; lastKnownFileType = wrapper.framework; name = CoreLocation.framework; path = System/Library/Frameworks/CoreLocation.framework; sourceTree = SDKROOT; };
		EE0836251B6D5CBF00F5CD9C /* libz.dylib */ = {isa = PBXFileReference; lastKnownFileType = "compiled.mach-o.dylib"; name = libz.dylib; path = usr/lib/libz.dylib; sourceTree = SDKROOT; };
		EE0836271B6D5CC500F5CD9C /* MobileCoreServices.framework */ = {isa = PBXFileReference; lastKnownFileType = wrapper.framework; name = MobileCoreServices.framework; path = System/Library/Frameworks/MobileCoreServices.framework; sourceTree = SDKROOT; };
		EE0836291B6D5CCB00F5CD9C /* QuartzCore.framework */ = {isa = PBXFileReference; lastKnownFileType = wrapper.framework; name = QuartzCore.framework; path = System/Library/Frameworks/QuartzCore.framework; sourceTree = SDKROOT; };
		EE08362B1B6D5CD100F5CD9C /* Security.framework */ = {isa = PBXFileReference; lastKnownFileType = wrapper.framework; name = Security.framework; path = System/Library/Frameworks/Security.framework; sourceTree = SDKROOT; };
		EE08362D1B6D5CD700F5CD9C /* StoreKit.framework */ = {isa = PBXFileReference; lastKnownFileType = wrapper.framework; name = StoreKit.framework; path = System/Library/Frameworks/StoreKit.framework; sourceTree = SDKROOT; };
		EE08362F1B6D5CDE00F5CD9C /* SystemConfiguration.framework */ = {isa = PBXFileReference; lastKnownFileType = wrapper.framework; name = SystemConfiguration.framework; path = System/Library/Frameworks/SystemConfiguration.framework; sourceTree = SDKROOT; };
		EE0836311B6D5CE800F5CD9C /* libsqlite3.dylib */ = {isa = PBXFileReference; lastKnownFileType = "compiled.mach-o.dylib"; name = libsqlite3.dylib; path = usr/lib/libsqlite3.dylib; sourceTree = SDKROOT; };
		EE0836331B6D5DC400F5CD9C /* Social.framework */ = {isa = PBXFileReference; lastKnownFileType = wrapper.framework; name = Social.framework; path = System/Library/Frameworks/Social.framework; sourceTree = SDKROOT; };
		EE0836351B6D5DC900F5CD9C /* Accounts.framework */ = {isa = PBXFileReference; lastKnownFileType = wrapper.framework; name = Accounts.framework; path = System/Library/Frameworks/Accounts.framework; sourceTree = SDKROOT; };
		EE0838761B6D659900F5CD9C /* FBSDKCoreKit.framework */ = {isa = PBXFileReference; lastKnownFileType = wrapper.framework; path = FBSDKCoreKit.framework; sourceTree = "<group>"; };
		EE0838771B6D659900F5CD9C /* FBSDKLoginKit.framework */ = {isa = PBXFileReference; lastKnownFileType = wrapper.framework; path = FBSDKLoginKit.framework; sourceTree = "<group>"; };
		EE0838781B6D659900F5CD9C /* FBSDKShareKit.framework */ = {isa = PBXFileReference; lastKnownFileType = wrapper.framework; path = FBSDKShareKit.framework; sourceTree = "<group>"; };
		EE08387D1B6DA9E700F5CD9C /* GoogleService-Info.plist */ = {isa = PBXFileReference; fileEncoding = 4; lastKnownFileType = text.plist.xml; name = "GoogleService-Info.plist"; path = "../GoogleService-Info.plist"; sourceTree = "<group>"; };
		EE08387F1B6DADE200F5CD9C /* libstdc++.6.dylib */ = {isa = PBXFileReference; lastKnownFileType = "compiled.mach-o.dylib"; name = "libstdc++.6.dylib"; path = "usr/lib/libstdc++.6.dylib"; sourceTree = SDKROOT; };
		EE0838811B6DAE2E00F5CD9C /* libstdc++.6.0.9.dylib */ = {isa = PBXFileReference; lastKnownFileType = "compiled.mach-o.dylib"; name = "libstdc++.6.0.9.dylib"; path = "usr/lib/libstdc++.6.0.9.dylib"; sourceTree = SDKROOT; };
		EE0838841B6DAF4600F5CD9C /* Bolts.framework */ = {isa = PBXFileReference; lastKnownFileType = wrapper.framework; path = Bolts.framework; sourceTree = "<group>"; };
		EE1887591B6FFC80003FA7A9 /* DimView.swift */ = {isa = PBXFileReference; fileEncoding = 4; lastKnownFileType = sourcecode.swift; path = DimView.swift; sourceTree = "<group>"; };
		EEEB0CAD1B7078A700C54CC7 /* SettingsController.swift */ = {isa = PBXFileReference; fileEncoding = 4; lastKnownFileType = sourcecode.swift; path = SettingsController.swift; sourceTree = "<group>"; };
		EEEB0CAF1B707A4E00C54CC7 /* CompareController.swift */ = {isa = PBXFileReference; fileEncoding = 4; lastKnownFileType = sourcecode.swift; path = CompareController.swift; sourceTree = "<group>"; };
		EEEB0CB11B707C8600C54CC7 /* InviteController.swift */ = {isa = PBXFileReference; fileEncoding = 4; lastKnownFileType = sourcecode.swift; path = InviteController.swift; sourceTree = "<group>"; };
		EEEB0CB31B707C9C00C54CC7 /* AboutController.swift */ = {isa = PBXFileReference; fileEncoding = 4; lastKnownFileType = sourcecode.swift; path = AboutController.swift; sourceTree = "<group>"; };
		EEEB0CBC1B718E9300C54CC7 /* EventCell.swift */ = {isa = PBXFileReference; fileEncoding = 4; lastKnownFileType = sourcecode.swift; path = EventCell.swift; sourceTree = "<group>"; };
/* End PBXFileReference section */

/* Begin PBXFrameworksBuildPhase section */
		EE0835B71B6D37EC00F5CD9C /* Frameworks */ = {
			isa = PBXFrameworksBuildPhase;
			buildActionMask = 2147483647;
			files = (
				EE0838831B6DAE3F00F5CD9C /* libstdc++.6.dylib in Frameworks */,
				EE0836361B6D5DC900F5CD9C /* Accounts.framework in Frameworks */,
				EE0836341B6D5DC400F5CD9C /* Social.framework in Frameworks */,
				EE0836321B6D5CE800F5CD9C /* libsqlite3.dylib in Frameworks */,
				EE0838791B6D659900F5CD9C /* FBSDKCoreKit.framework in Frameworks */,
				EE0836301B6D5CDE00F5CD9C /* SystemConfiguration.framework in Frameworks */,
				EE08362E1B6D5CD700F5CD9C /* StoreKit.framework in Frameworks */,
				EE08387B1B6D659900F5CD9C /* FBSDKShareKit.framework in Frameworks */,
				EE08362C1B6D5CD100F5CD9C /* Security.framework in Frameworks */,
				EE08387A1B6D659900F5CD9C /* FBSDKLoginKit.framework in Frameworks */,
				EE08362A1B6D5CCB00F5CD9C /* QuartzCore.framework in Frameworks */,
				EE0836281B6D5CC500F5CD9C /* MobileCoreServices.framework in Frameworks */,
				EE0836261B6D5CBF00F5CD9C /* libz.dylib in Frameworks */,
				EE0836241B6D5CB900F5CD9C /* CoreLocation.framework in Frameworks */,
				EE0838851B6DAF4600F5CD9C /* Bolts.framework in Frameworks */,
				EE0836221B6D5CB500F5CD9C /* CoreGraphics.framework in Frameworks */,
				EE0836201B6D5CB000F5CD9C /* CFNetwork.framework in Frameworks */,
				EE08361E1B6D5CAA00F5CD9C /* AudioToolbox.framework in Frameworks */,
				EE0836151B6D583D00F5CD9C /* ParseCrashReporting.framework in Frameworks */,
				EE0836141B6D583D00F5CD9C /* Parse.framework in Frameworks */,
				EE0836181B6D583D00F5CD9C /* ParseUI.framework in Frameworks */,
				EE0836171B6D583D00F5CD9C /* ParseFacebookUtilsV4.framework in Frameworks */,
				E1C851107E981979A016A6CD /* libPods-SyllaSync.a in Frameworks */,
			);
			runOnlyForDeploymentPostprocessing = 0;
		};
		EE0835CF1B6D37EC00F5CD9C /* Frameworks */ = {
			isa = PBXFrameworksBuildPhase;
			buildActionMask = 2147483647;
			files = (
				904C33884F1A4B3D88F521CA /* libPods-SyllaSyncTests.a in Frameworks */,
			);
			runOnlyForDeploymentPostprocessing = 0;
		};
/* End PBXFrameworksBuildPhase section */

/* Begin PBXGroup section */
		367C9BE5DC07410EBE1EC637 /* Pods */ = {
			isa = PBXGroup;
			children = (
				0FE884AB48DC263A4558CE34 /* Pods-SyllaSync.debug.xcconfig */,
				D579BD6B9864D59F2C534E7B /* Pods-SyllaSync.release.xcconfig */,
				BD04F7650DDBD24E84D8CA8F /* Pods-SyllaSyncTests.debug.xcconfig */,
				4B8E00C42DC0613F8C1BD672 /* Pods-SyllaSyncTests.release.xcconfig */,
			);
			name = Pods;
			sourceTree = "<group>";
		};
		EE0835B11B6D37EC00F5CD9C = {
			isa = PBXGroup;
			children = (
				EE08387C1B6D660A00F5CD9C /* Frameworks */,
				EE08360C1B6D583D00F5CD9C /* parse-library-1 */,
				EE0835BC1B6D37EC00F5CD9C /* SyllaSync */,
				EE0835D51B6D37EC00F5CD9C /* SyllaSyncTests */,
				EE0835BB1B6D37EC00F5CD9C /* Products */,
				EE0836191B6D588800F5CD9C /* SyllaSync-Bridging-Header.h */,
				367C9BE5DC07410EBE1EC637 /* Pods */,
			);
			sourceTree = "<group>";
		};
		EE0835BB1B6D37EC00F5CD9C /* Products */ = {
			isa = PBXGroup;
			children = (
				EE0835BA1B6D37EC00F5CD9C /* SyllaSync.app */,
				EE0835D21B6D37EC00F5CD9C /* SyllaSyncTests.xctest */,
			);
			name = Products;
			sourceTree = "<group>";
		};
		EE0835BC1B6D37EC00F5CD9C /* SyllaSync */ = {
			isa = PBXGroup;
			children = (
				EE0835E41B6D3BDF00F5CD9C /* StoryBoards */,
				EE0835E31B6D3BD900F5CD9C /* Controllers */,
				EE0835E21B6D3BCA00F5CD9C /* Utils */,
				EE0835BF1B6D37EC00F5CD9C /* AppDelegate.swift */,
				EE0835C91B6D37EC00F5CD9C /* Images.xcassets */,
				EE0835CB1B6D37EC00F5CD9C /* LaunchScreen.xib */,
				EE0835C11B6D37EC00F5CD9C /* SyllaSync.xcdatamodeld */,
				EE0835BD1B6D37EC00F5CD9C /* Supporting Files */,
			);
			path = SyllaSync;
			sourceTree = "<group>";
		};
		EE0835BD1B6D37EC00F5CD9C /* Supporting Files */ = {
			isa = PBXGroup;
			children = (
				EE08387D1B6DA9E700F5CD9C /* GoogleService-Info.plist */,
				EE0835BE1B6D37EC00F5CD9C /* Info.plist */,
			);
			name = "Supporting Files";
			sourceTree = "<group>";
		};
		EE0835D51B6D37EC00F5CD9C /* SyllaSyncTests */ = {
			isa = PBXGroup;
			children = (
				EE0835D81B6D37EC00F5CD9C /* SyllaSyncTests.swift */,
				EE0835D61B6D37EC00F5CD9C /* Supporting Files */,
			);
			path = SyllaSyncTests;
			sourceTree = "<group>";
		};
		EE0835D61B6D37EC00F5CD9C /* Supporting Files */ = {
			isa = PBXGroup;
			children = (
				EE0835D71B6D37EC00F5CD9C /* Info.plist */,
			);
			name = "Supporting Files";
			sourceTree = "<group>";
		};
		EE0835E21B6D3BCA00F5CD9C /* Utils */ = {
			isa = PBXGroup;
			children = (
				EE0835E61B6D3C1E00F5CD9C /* UserSettings.swift */,
				EE1887591B6FFC80003FA7A9 /* DimView.swift */,
			);
			name = Utils;
			sourceTree = "<group>";
		};
		EE0835E31B6D3BD900F5CD9C /* Controllers */ = {
			isa = PBXGroup;
			children = (
				EEEB0CBB1B718C4700C54CC7 /* CalendarEvents */,
				EEEB0CBA1B718C3700C54CC7 /* TableEvents */,
				EE08361A1B6D5A2D00F5CD9C /* Logins */,
				EE0835EA1B6D3E0500F5CD9C /* Hamburger */,
				EE0835C41B6D37EC00F5CD9C /* LoginController.swift */,
				EE0835EF1B6D40B300F5CD9C /* EventsContainerController.swift */,
			);
			name = Controllers;
			sourceTree = "<group>";
		};
		EE0835E41B6D3BDF00F5CD9C /* StoryBoards */ = {
			isa = PBXGroup;
			children = (
				EE0835C61B6D37EC00F5CD9C /* Main.storyboard */,
				EE0835E81B6D3CDF00F5CD9C /* Hamburger.storyboard */,
			);
			name = StoryBoards;
			sourceTree = "<group>";
		};
		EE0835EA1B6D3E0500F5CD9C /* Hamburger */ = {
			isa = PBXGroup;
			children = (
				EE0835F11B6D40F600F5CD9C /* HamburgerController.swift */,
				EEEB0CAD1B7078A700C54CC7 /* SettingsController.swift */,
				EEEB0CAF1B707A4E00C54CC7 /* CompareController.swift */,
				EEEB0CB11B707C8600C54CC7 /* InviteController.swift */,
				EEEB0CB31B707C9C00C54CC7 /* AboutController.swift */,
			);
			name = Hamburger;
			sourceTree = "<group>";
		};
		EE08360C1B6D583D00F5CD9C /* parse-library-1 */ = {
			isa = PBXGroup;
			children = (
				EE0838841B6DAF4600F5CD9C /* Bolts.framework */,
				EE08360E1B6D583D00F5CD9C /* Parse.framework */,
				EE08360F1B6D583D00F5CD9C /* ParseCrashReporting.framework */,
				EE0836111B6D583D00F5CD9C /* ParseFacebookUtilsV4.framework */,
				EE0836121B6D583D00F5CD9C /* ParseUI.framework */,
			);
			path = "parse-library-1";
			sourceTree = "<group>";
		};
		EE08361A1B6D5A2D00F5CD9C /* Logins */ = {
			isa = PBXGroup;
			children = (
				EE08361B1B6D5A5500F5CD9C /* ParseLoginController.swift */,
			);
			name = Logins;
			sourceTree = "<group>";
		};
		EE08387C1B6D660A00F5CD9C /* Frameworks */ = {
			isa = PBXGroup;
			children = (
				EE0838811B6DAE2E00F5CD9C /* libstdc++.6.0.9.dylib */,
				EE08387F1B6DADE200F5CD9C /* libstdc++.6.dylib */,
				EE0836311B6D5CE800F5CD9C /* libsqlite3.dylib */,
				EE08362F1B6D5CDE00F5CD9C /* SystemConfiguration.framework */,
				EE08362D1B6D5CD700F5CD9C /* StoreKit.framework */,
				EE08362B1B6D5CD100F5CD9C /* Security.framework */,
				EE0836291B6D5CCB00F5CD9C /* QuartzCore.framework */,
				EE0836271B6D5CC500F5CD9C /* MobileCoreServices.framework */,
				EE0836251B6D5CBF00F5CD9C /* libz.dylib */,
				EE0836231B6D5CB900F5CD9C /* CoreLocation.framework */,
				EE0836211B6D5CB500F5CD9C /* CoreGraphics.framework */,
				EE08361F1B6D5CB000F5CD9C /* CFNetwork.framework */,
				EE08361D1B6D5CAA00F5CD9C /* AudioToolbox.framework */,
				EE0836331B6D5DC400F5CD9C /* Social.framework */,
				EE0836351B6D5DC900F5CD9C /* Accounts.framework */,
				EE0838781B6D659900F5CD9C /* FBSDKShareKit.framework */,
				EE0838771B6D659900F5CD9C /* FBSDKLoginKit.framework */,
				EE0838761B6D659900F5CD9C /* FBSDKCoreKit.framework */,
				273A45E127EDBD75DA760627 /* libPods-SyllaSync.a */,
				16D8ABF074C624E6C5247A20 /* libPods-SyllaSyncTests.a */,
			);
			name = Frameworks;
			sourceTree = "<group>";
		};
		EEEB0CBA1B718C3700C54CC7 /* TableEvents */ = {
			isa = PBXGroup;
			children = (
				EE0835EB1B6D3F9300F5CD9C /* EventsController.swift */,
				EEEB0CBC1B718E9300C54CC7 /* EventCell.swift */,
			);
			name = TableEvents;
			sourceTree = "<group>";
		};
		EEEB0CBB1B718C4700C54CC7 /* CalendarEvents */ = {
			isa = PBXGroup;
			children = (
				EE0835ED1B6D3FA100F5CD9C /* CalendarController.swift */,
			);
			name = CalendarEvents;
			sourceTree = "<group>";
		};
/* End PBXGroup section */

/* Begin PBXNativeTarget section */
		EE0835B91B6D37EC00F5CD9C /* SyllaSync */ = {
			isa = PBXNativeTarget;
			buildConfigurationList = EE0835DC1B6D37EC00F5CD9C /* Build configuration list for PBXNativeTarget "SyllaSync" */;
			buildPhases = (
				AE91DE5DD8F2472D39F030DB /* Check Pods Manifest.lock */,
				EE0835B61B6D37EC00F5CD9C /* Sources */,
				EE0835B71B6D37EC00F5CD9C /* Frameworks */,
				EE0835B81B6D37EC00F5CD9C /* Resources */,
				7C0B6F875D5957EA7C7F7307 /* Copy Pods Resources */,
			);
			buildRules = (
			);
			dependencies = (
			);
			name = SyllaSync;
			productName = SyllaSync;
			productReference = EE0835BA1B6D37EC00F5CD9C /* SyllaSync.app */;
			productType = "com.apple.product-type.application";
		};
		EE0835D11B6D37EC00F5CD9C /* SyllaSyncTests */ = {
			isa = PBXNativeTarget;
			buildConfigurationList = EE0835DF1B6D37EC00F5CD9C /* Build configuration list for PBXNativeTarget "SyllaSyncTests" */;
			buildPhases = (
				0C3FAFADFA6A53F1DD57B5D8 /* Check Pods Manifest.lock */,
				EE0835CE1B6D37EC00F5CD9C /* Sources */,
				EE0835CF1B6D37EC00F5CD9C /* Frameworks */,
				EE0835D01B6D37EC00F5CD9C /* Resources */,
				120CEFF8994745BFCBD05869 /* Copy Pods Resources */,
			);
			buildRules = (
			);
			dependencies = (
				EE0835D41B6D37EC00F5CD9C /* PBXTargetDependency */,
			);
			name = SyllaSyncTests;
			productName = SyllaSyncTests;
			productReference = EE0835D21B6D37EC00F5CD9C /* SyllaSyncTests.xctest */;
			productType = "com.apple.product-type.bundle.unit-test";
		};
/* End PBXNativeTarget section */

/* Begin PBXProject section */
		EE0835B21B6D37EC00F5CD9C /* Project object */ = {
			isa = PBXProject;
			attributes = {
				LastUpgradeCheck = 0640;
				ORGANIZATIONNAME = IVET;
				TargetAttributes = {
					EE0835B91B6D37EC00F5CD9C = {
						CreatedOnToolsVersion = 6.4;
					};
					EE0835D11B6D37EC00F5CD9C = {
						CreatedOnToolsVersion = 6.4;
						TestTargetID = EE0835B91B6D37EC00F5CD9C;
					};
				};
			};
			buildConfigurationList = EE0835B51B6D37EC00F5CD9C /* Build configuration list for PBXProject "SyllaSync" */;
			compatibilityVersion = "Xcode 3.2";
			developmentRegion = English;
			hasScannedForEncodings = 0;
			knownRegions = (
				en,
				Base,
				he,
			);
			mainGroup = EE0835B11B6D37EC00F5CD9C;
			productRefGroup = EE0835BB1B6D37EC00F5CD9C /* Products */;
			projectDirPath = "";
			projectRoot = "";
			targets = (
				EE0835B91B6D37EC00F5CD9C /* SyllaSync */,
				EE0835D11B6D37EC00F5CD9C /* SyllaSyncTests */,
			);
		};
/* End PBXProject section */

/* Begin PBXResourcesBuildPhase section */
		EE0835B81B6D37EC00F5CD9C /* Resources */ = {
			isa = PBXResourcesBuildPhase;
			buildActionMask = 2147483647;
			files = (
				EE0835E91B6D3CDF00F5CD9C /* Hamburger.storyboard in Resources */,
				EE0835C81B6D37EC00F5CD9C /* Main.storyboard in Resources */,
				EE0835CD1B6D37EC00F5CD9C /* LaunchScreen.xib in Resources */,
				EE0835CA1B6D37EC00F5CD9C /* Images.xcassets in Resources */,
				EE08387E1B6DA9E700F5CD9C /* GoogleService-Info.plist in Resources */,
			);
			runOnlyForDeploymentPostprocessing = 0;
		};
		EE0835D01B6D37EC00F5CD9C /* Resources */ = {
			isa = PBXResourcesBuildPhase;
			buildActionMask = 2147483647;
			files = (
				EE0838861B6DB06600F5CD9C /* GoogleService-Info.plist in Resources */,
			);
			runOnlyForDeploymentPostprocessing = 0;
		};
/* End PBXResourcesBuildPhase section */

/* Begin PBXShellScriptBuildPhase section */
		0C3FAFADFA6A53F1DD57B5D8 /* Check Pods Manifest.lock */ = {
			isa = PBXShellScriptBuildPhase;
			buildActionMask = 2147483647;
			files = (
			);
			inputPaths = (
			);
			name = "Check Pods Manifest.lock";
			outputPaths = (
			);
			runOnlyForDeploymentPostprocessing = 0;
			shellPath = /bin/sh;
			shellScript = "diff \"${PODS_ROOT}/../Podfile.lock\" \"${PODS_ROOT}/Manifest.lock\" > /dev/null\nif [[ $? != 0 ]] ; then\n    cat << EOM\nerror: The sandbox is not in sync with the Podfile.lock. Run 'pod install' or update your CocoaPods installation.\nEOM\n    exit 1\nfi\n";
			showEnvVarsInLog = 0;
		};
		120CEFF8994745BFCBD05869 /* Copy Pods Resources */ = {
			isa = PBXShellScriptBuildPhase;
			buildActionMask = 2147483647;
			files = (
			);
			inputPaths = (
			);
			name = "Copy Pods Resources";
			outputPaths = (
			);
			runOnlyForDeploymentPostprocessing = 0;
			shellPath = /bin/sh;
			shellScript = "\"${SRCROOT}/Pods/Target Support Files/Pods-SyllaSyncTests/Pods-SyllaSyncTests-resources.sh\"\n";
			showEnvVarsInLog = 0;
		};
		7C0B6F875D5957EA7C7F7307 /* Copy Pods Resources */ = {
			isa = PBXShellScriptBuildPhase;
			buildActionMask = 2147483647;
			files = (
			);
			inputPaths = (
			);
			name = "Copy Pods Resources";
			outputPaths = (
			);
			runOnlyForDeploymentPostprocessing = 0;
			shellPath = /bin/sh;
			shellScript = "\"${SRCROOT}/Pods/Target Support Files/Pods-SyllaSync/Pods-SyllaSync-resources.sh\"\n";
			showEnvVarsInLog = 0;
		};
		AE91DE5DD8F2472D39F030DB /* Check Pods Manifest.lock */ = {
			isa = PBXShellScriptBuildPhase;
			buildActionMask = 2147483647;
			files = (
			);
			inputPaths = (
			);
			name = "Check Pods Manifest.lock";
			outputPaths = (
			);
			runOnlyForDeploymentPostprocessing = 0;
			shellPath = /bin/sh;
			shellScript = "diff \"${PODS_ROOT}/../Podfile.lock\" \"${PODS_ROOT}/Manifest.lock\" > /dev/null\nif [[ $? != 0 ]] ; then\n    cat << EOM\nerror: The sandbox is not in sync with the Podfile.lock. Run 'pod install' or update your CocoaPods installation.\nEOM\n    exit 1\nfi\n";
			showEnvVarsInLog = 0;
		};
/* End PBXShellScriptBuildPhase section */

/* Begin PBXSourcesBuildPhase section */
		EE0835B61B6D37EC00F5CD9C /* Sources */ = {
			isa = PBXSourcesBuildPhase;
			buildActionMask = 2147483647;
			files = (
				EE0835C51B6D37EC00F5CD9C /* LoginController.swift in Sources */,
				EE0835EE1B6D3FA100F5CD9C /* CalendarController.swift in Sources */,
				EE0835E71B6D3C1E00F5CD9C /* UserSettings.swift in Sources */,
				EE0835C31B6D37EC00F5CD9C /* SyllaSync.xcdatamodeld in Sources */,
				EE0835C01B6D37EC00F5CD9C /* AppDelegate.swift in Sources */,
				EEEB0CB41B707C9C00C54CC7 /* AboutController.swift in Sources */,
				EEEB0CB01B707A4E00C54CC7 /* CompareController.swift in Sources */,
				EEEB0CBD1B718E9300C54CC7 /* EventCell.swift in Sources */,
				EEEB0CAE1B7078A700C54CC7 /* SettingsController.swift in Sources */,
				EE0835F21B6D40F600F5CD9C /* HamburgerController.swift in Sources */,
				EE0835EC1B6D3F9300F5CD9C /* EventsController.swift in Sources */,
				EE08361C1B6D5A5500F5CD9C /* ParseLoginController.swift in Sources */,
				EEEB0CB21B707C8600C54CC7 /* InviteController.swift in Sources */,
				EE0835F01B6D40B300F5CD9C /* EventsContainerController.swift in Sources */,
				EE18875A1B6FFC80003FA7A9 /* DimView.swift in Sources */,
			);
			runOnlyForDeploymentPostprocessing = 0;
		};
		EE0835CE1B6D37EC00F5CD9C /* Sources */ = {
			isa = PBXSourcesBuildPhase;
			buildActionMask = 2147483647;
			files = (
				EE0835D91B6D37EC00F5CD9C /* SyllaSyncTests.swift in Sources */,
			);
			runOnlyForDeploymentPostprocessing = 0;
		};
/* End PBXSourcesBuildPhase section */

/* Begin PBXTargetDependency section */
		EE0835D41B6D37EC00F5CD9C /* PBXTargetDependency */ = {
			isa = PBXTargetDependency;
			target = EE0835B91B6D37EC00F5CD9C /* SyllaSync */;
			targetProxy = EE0835D31B6D37EC00F5CD9C /* PBXContainerItemProxy */;
		};
/* End PBXTargetDependency section */

/* Begin PBXVariantGroup section */
		EE0835C61B6D37EC00F5CD9C /* Main.storyboard */ = {
			isa = PBXVariantGroup;
			children = (
				EE0835C71B6D37EC00F5CD9C /* Base */,
			);
			name = Main.storyboard;
			sourceTree = "<group>";
		};
		EE0835CB1B6D37EC00F5CD9C /* LaunchScreen.xib */ = {
			isa = PBXVariantGroup;
			children = (
				EE0835CC1B6D37EC00F5CD9C /* Base */,
			);
			name = LaunchScreen.xib;
			sourceTree = "<group>";
		};
/* End PBXVariantGroup section */

/* Begin XCBuildConfiguration section */
		EE0835DA1B6D37EC00F5CD9C /* Debug */ = {
			isa = XCBuildConfiguration;
			buildSettings = {
				ALWAYS_SEARCH_USER_PATHS = NO;
				CLANG_CXX_LANGUAGE_STANDARD = "gnu++0x";
				CLANG_CXX_LIBRARY = "libc++";
				CLANG_ENABLE_MODULES = YES;
				CLANG_ENABLE_OBJC_ARC = YES;
				CLANG_WARN_BOOL_CONVERSION = YES;
				CLANG_WARN_CONSTANT_CONVERSION = YES;
				CLANG_WARN_DIRECT_OBJC_ISA_USAGE = YES_ERROR;
				CLANG_WARN_EMPTY_BODY = YES;
				CLANG_WARN_ENUM_CONVERSION = YES;
				CLANG_WARN_INT_CONVERSION = YES;
				CLANG_WARN_OBJC_ROOT_CLASS = YES_ERROR;
				CLANG_WARN_UNREACHABLE_CODE = YES;
				CLANG_WARN__DUPLICATE_METHOD_MATCH = YES;
				"CODE_SIGN_IDENTITY[sdk=iphoneos*]" = "iPhone Developer";
				COPY_PHASE_STRIP = NO;
				DEBUG_INFORMATION_FORMAT = "dwarf-with-dsym";
				ENABLE_STRICT_OBJC_MSGSEND = YES;
				GCC_C_LANGUAGE_STANDARD = gnu99;
				GCC_DYNAMIC_NO_PIC = NO;
				GCC_NO_COMMON_BLOCKS = YES;
				GCC_OPTIMIZATION_LEVEL = 0;
				GCC_PREPROCESSOR_DEFINITIONS = (
					"DEBUG=1",
					"$(inherited)",
				);
				GCC_SYMBOLS_PRIVATE_EXTERN = NO;
				GCC_WARN_64_TO_32_BIT_CONVERSION = YES;
				GCC_WARN_ABOUT_RETURN_TYPE = YES_ERROR;
				GCC_WARN_UNDECLARED_SELECTOR = YES;
				GCC_WARN_UNINITIALIZED_AUTOS = YES_AGGRESSIVE;
				GCC_WARN_UNUSED_FUNCTION = YES;
				GCC_WARN_UNUSED_VARIABLE = YES;
				IPHONEOS_DEPLOYMENT_TARGET = 8.4;
				MTL_ENABLE_DEBUG_INFO = YES;
				ONLY_ACTIVE_ARCH = YES;
				SDKROOT = iphoneos;
				SWIFT_OPTIMIZATION_LEVEL = "-Onone";
			};
			name = Debug;
		};
		EE0835DB1B6D37EC00F5CD9C /* Release */ = {
			isa = XCBuildConfiguration;
			buildSettings = {
				ALWAYS_SEARCH_USER_PATHS = NO;
				CLANG_CXX_LANGUAGE_STANDARD = "gnu++0x";
				CLANG_CXX_LIBRARY = "libc++";
				CLANG_ENABLE_MODULES = YES;
				CLANG_ENABLE_OBJC_ARC = YES;
				CLANG_WARN_BOOL_CONVERSION = YES;
				CLANG_WARN_CONSTANT_CONVERSION = YES;
				CLANG_WARN_DIRECT_OBJC_ISA_USAGE = YES_ERROR;
				CLANG_WARN_EMPTY_BODY = YES;
				CLANG_WARN_ENUM_CONVERSION = YES;
				CLANG_WARN_INT_CONVERSION = YES;
				CLANG_WARN_OBJC_ROOT_CLASS = YES_ERROR;
				CLANG_WARN_UNREACHABLE_CODE = YES;
				CLANG_WARN__DUPLICATE_METHOD_MATCH = YES;
				"CODE_SIGN_IDENTITY[sdk=iphoneos*]" = "iPhone Developer";
				COPY_PHASE_STRIP = NO;
				DEBUG_INFORMATION_FORMAT = "dwarf-with-dsym";
				ENABLE_NS_ASSERTIONS = NO;
				ENABLE_STRICT_OBJC_MSGSEND = YES;
				GCC_C_LANGUAGE_STANDARD = gnu99;
				GCC_NO_COMMON_BLOCKS = YES;
				GCC_WARN_64_TO_32_BIT_CONVERSION = YES;
				GCC_WARN_ABOUT_RETURN_TYPE = YES_ERROR;
				GCC_WARN_UNDECLARED_SELECTOR = YES;
				GCC_WARN_UNINITIALIZED_AUTOS = YES_AGGRESSIVE;
				GCC_WARN_UNUSED_FUNCTION = YES;
				GCC_WARN_UNUSED_VARIABLE = YES;
				IPHONEOS_DEPLOYMENT_TARGET = 8.4;
				MTL_ENABLE_DEBUG_INFO = NO;
				SDKROOT = iphoneos;
				VALIDATE_PRODUCT = YES;
			};
			name = Release;
		};
		EE0835DD1B6D37EC00F5CD9C /* Debug */ = {
			isa = XCBuildConfiguration;
			baseConfigurationReference = 0FE884AB48DC263A4558CE34 /* Pods-SyllaSync.debug.xcconfig */;
			buildSettings = {
				ASSETCATALOG_COMPILER_APPICON_NAME = AppIcon;
				FRAMEWORK_SEARCH_PATHS = (
					"$(inherited)",
					"$(PROJECT_DIR)",
					"$(PROJECT_DIR)/parse-library-1",
					"$(PROJECT_DIR)/FacebookSDK",
				);
				INFOPLIST_FILE = SyllaSync/Info.plist;
				LD_RUNPATH_SEARCH_PATHS = "$(inherited) @executable_path/Frameworks";
				PRODUCT_NAME = "$(TARGET_NAME)";
				SWIFT_OBJC_BRIDGING_HEADER = "SyllaSync-Bridging-Header.h";
			};
			name = Debug;
		};
		EE0835DE1B6D37EC00F5CD9C /* Release */ = {
			isa = XCBuildConfiguration;
			baseConfigurationReference = D579BD6B9864D59F2C534E7B /* Pods-SyllaSync.release.xcconfig */;
			buildSettings = {
				ASSETCATALOG_COMPILER_APPICON_NAME = AppIcon;
				FRAMEWORK_SEARCH_PATHS = (
					"$(inherited)",
					"$(PROJECT_DIR)",
					"$(PROJECT_DIR)/parse-library-1",
					"$(PROJECT_DIR)/FacebookSDK",
				);
				INFOPLIST_FILE = SyllaSync/Info.plist;
				LD_RUNPATH_SEARCH_PATHS = "$(inherited) @executable_path/Frameworks";
				PRODUCT_NAME = "$(TARGET_NAME)";
				SWIFT_OBJC_BRIDGING_HEADER = "SyllaSync-Bridging-Header.h";
			};
			name = Release;
		};
		EE0835E01B6D37EC00F5CD9C /* Debug */ = {
			isa = XCBuildConfiguration;
			baseConfigurationReference = BD04F7650DDBD24E84D8CA8F /* Pods-SyllaSyncTests.debug.xcconfig */;
			buildSettings = {
				BUNDLE_LOADER = "$(TEST_HOST)";
				FRAMEWORK_SEARCH_PATHS = (
					"$(SDKROOT)/Developer/Library/Frameworks",
					"$(inherited)",
				);
				GCC_PREPROCESSOR_DEFINITIONS = (
					"DEBUG=1",
					"$(inherited)",
				);
				INFOPLIST_FILE = SyllaSyncTests/Info.plist;
				LD_RUNPATH_SEARCH_PATHS = "$(inherited) @executable_path/Frameworks @loader_path/Frameworks";
				PRODUCT_NAME = "$(TARGET_NAME)";
				TEST_HOST = "$(BUILT_PRODUCTS_DIR)/SyllaSync.app/SyllaSync";
			};
			name = Debug;
		};
		EE0835E11B6D37EC00F5CD9C /* Release */ = {
			isa = XCBuildConfiguration;
			baseConfigurationReference = 4B8E00C42DC0613F8C1BD672 /* Pods-SyllaSyncTests.release.xcconfig */;
			buildSettings = {
				BUNDLE_LOADER = "$(TEST_HOST)";
				FRAMEWORK_SEARCH_PATHS = (
					"$(SDKROOT)/Developer/Library/Frameworks",
					"$(inherited)",
				);
				INFOPLIST_FILE = SyllaSyncTests/Info.plist;
				LD_RUNPATH_SEARCH_PATHS = "$(inherited) @executable_path/Frameworks @loader_path/Frameworks";
				PRODUCT_NAME = "$(TARGET_NAME)";
				TEST_HOST = "$(BUILT_PRODUCTS_DIR)/SyllaSync.app/SyllaSync";
			};
			name = Release;
		};
/* End XCBuildConfiguration section */

/* Begin XCConfigurationList section */
		EE0835B51B6D37EC00F5CD9C /* Build configuration list for PBXProject "SyllaSync" */ = {
			isa = XCConfigurationList;
			buildConfigurations = (
				EE0835DA1B6D37EC00F5CD9C /* Debug */,
				EE0835DB1B6D37EC00F5CD9C /* Release */,
			);
			defaultConfigurationIsVisible = 0;
			defaultConfigurationName = Release;
		};
		EE0835DC1B6D37EC00F5CD9C /* Build configuration list for PBXNativeTarget "SyllaSync" */ = {
			isa = XCConfigurationList;
			buildConfigurations = (
				EE0835DD1B6D37EC00F5CD9C /* Debug */,
				EE0835DE1B6D37EC00F5CD9C /* Release */,
			);
			defaultConfigurationIsVisible = 0;
			defaultConfigurationName = Release;
		};
		EE0835DF1B6D37EC00F5CD9C /* Build configuration list for PBXNativeTarget "SyllaSyncTests" */ = {
			isa = XCConfigurationList;
			buildConfigurations = (
				EE0835E01B6D37EC00F5CD9C /* Debug */,
				EE0835E11B6D37EC00F5CD9C /* Release */,
			);
			defaultConfigurationIsVisible = 0;
			defaultConfigurationName = Release;
		};
/* End XCConfigurationList section */

/* Begin XCVersionGroup section */
		EE0835C11B6D37EC00F5CD9C /* SyllaSync.xcdatamodeld */ = {
			isa = XCVersionGroup;
			children = (
				EE0835C21B6D37EC00F5CD9C /* SyllaSync.xcdatamodel */,
			);
			currentVersion = EE0835C21B6D37EC00F5CD9C /* SyllaSync.xcdatamodel */;
			path = SyllaSync.xcdatamodeld;
			sourceTree = "<group>";
			versionGroupType = wrapper.xcdatamodel;
		};
/* End XCVersionGroup section */
	};
	rootObject = EE0835B21B6D37EC00F5CD9C /* Project object */;
}
